
Microsoft Visual Studio Solution File, Format Version 12.00
# Visual Studio Version 17
VisualStudioVersion = 17.3.32922.545
MinimumVisualStudioVersion = 10.0.40219.1
Project("{FAE04EC0-301F-11D3-BF4B-00C04F79EFBC}") = "CA1_MVC_X00180930", "CA1_MVC_X00180930\CA1_MVC_X00180930.csproj", "{6A7E4DF5-2174-4222-93DA-452413C67248}"
EndProject
Global
	GlobalSection(SolutionConfigurationPlatforms) = preSolution
		Debug|Any CPU = Debug|Any CPU
		Release|Any CPU = Release|Any CPU
	EndGlobalSection
	GlobalSection(ProjectConfigurationPlatforms) = postSolution
		{6A7E4DF5-2174-4222-93DA-452413C67248}.Debug|Any CPU.ActiveCfg = Debug|Any CPU
		{6A7E4DF5-2174-4222-93DA-452413C67248}.Debug|Any CPU.Build.0 = Debug|Any CPU
		{6A7E4DF5-2174-4222-93DA-452413C67248}.Release|Any CPU.ActiveCfg = Release|Any CPU
		{6A7E4DF5-2174-4222-93DA-452413C67248}.Release|Any CPU.Build.0 = Release|Any CPU
	EndGlobalSection
	GlobalSection(SolutionProperties) = preSolution
		HideSolutionNode = FALSE
	EndGlobalSection
	GlobalSection(ExtensibilityGlobals) = postSolution
		SolutionGuid = {53A56D85-E51B-40E7-9F07-DA5E3F9FC18B}
	EndGlobalSection
EndGlobal
